// !$*UTF8*$!
{
	archiveVersion = 1;
	classes = {
	};
	objectVersion = 46;
	objects = {

/* Begin PBXBuildFile section */
		A0EDD7C81E4242FA002F1579 /* AppDelegate.swift in Sources */ = {isa = PBXBuildFile; fileRef = A0EDD7C71E4242FA002F1579 /* AppDelegate.swift */; };
		A0EDD7CA1E4242FA002F1579 /* ViewController.swift in Sources */ = {isa = PBXBuildFile; fileRef = A0EDD7C91E4242FA002F1579 /* ViewController.swift */; };
		A0EDD7CD1E4242FA002F1579 /* Main.storyboard in Resources */ = {isa = PBXBuildFile; fileRef = A0EDD7CB1E4242FA002F1579 /* Main.storyboard */; };
		A0EDD7D01E4242FA002F1579 /* gitexample.xcdatamodeld in Sources */ = {isa = PBXBuildFile; fileRef = A0EDD7CE1E4242FA002F1579 /* gitexample.xcdatamodeld */; };
		A0EDD7D21E4242FA002F1579 /* Assets.xcassets in Resources */ = {isa = PBXBuildFile; fileRef = A0EDD7D11E4242FA002F1579 /* Assets.xcassets */; };
		A0EDD7D51E4242FA002F1579 /* LaunchScreen.storyboard in Resources */ = {isa = PBXBuildFile; fileRef = A0EDD7D31E4242FA002F1579 /* LaunchScreen.storyboard */; };
		A0EDD7E01E4242FA002F1579 /* gitexampleTests.swift in Sources */ = {isa = PBXBuildFile; fileRef = A0EDD7DF1E4242FA002F1579 /* gitexampleTests.swift */; };
		A0EDD7EB1E4242FA002F1579 /* gitexampleUITests.swift in Sources */ = {isa = PBXBuildFile; fileRef = A0EDD7EA1E4242FA002F1579 /* gitexampleUITests.swift */; };
/* End PBXBuildFile section */

/* Begin PBXContainerItemProxy section */
		A0EDD7DC1E4242FA002F1579 /* PBXContainerItemProxy */ = {
			isa = PBXContainerItemProxy;
			containerPortal = A0EDD7BC1E4242FA002F1579 /* Project object */;
			proxyType = 1;
			remoteGlobalIDString = A0EDD7C31E4242FA002F1579;
			remoteInfo = gitexample;
		};
		A0EDD7E71E4242FA002F1579 /* PBXContainerItemProxy */ = {
			isa = PBXContainerItemProxy;
			containerPortal = A0EDD7BC1E4242FA002F1579 /* Project object */;
			proxyType = 1;
			remoteGlobalIDString = A0EDD7C31E4242FA002F1579;
			remoteInfo = gitexample;
		};
/* End PBXContainerItemProxy section */

/* Begin PBXFileReference section */
		A0EDD7C41E4242FA002F1579 /* gitexample.app */ = {isa = PBXFileReference; explicitFileType = wrapper.application; includeInIndex = 0; path = gitexample.app; sourceTree = BUILT_PRODUCTS_DIR; };
		A0EDD7C71E4242FA002F1579 /* AppDelegate.swift */ = {isa = PBXFileReference; lastKnownFileType = sourcecode.swift; path = AppDelegate.swift; sourceTree = "<group>"; };
		A0EDD7C91E4242FA002F1579 /* ViewController.swift */ = {isa = PBXFileReference; lastKnownFileType = sourcecode.swift; path = ViewController.swift; sourceTree = "<group>"; };
		A0EDD7CC1E4242FA002F1579 /* Base */ = {isa = PBXFileReference; lastKnownFileType = file.storyboard; name = Base; path = Base.lproj/Main.storyboard; sourceTree = "<group>"; };
		A0EDD7CF1E4242FA002F1579 /* gitexample.xcdatamodel */ = {isa = PBXFileReference; lastKnownFileType = wrapper.xcdatamodel; path = gitexample.xcdatamodel; sourceTree = "<group>"; };
		A0EDD7D11E4242FA002F1579 /* Assets.xcassets */ = {isa = PBXFileReference; lastKnownFileType = folder.assetcatalog; path = Assets.xcassets; sourceTree = "<group>"; };
		A0EDD7D41E4242FA002F1579 /* Base */ = {isa = PBXFileReference; lastKnownFileType = file.storyboard; name = Base; path = Base.lproj/LaunchScreen.storyboard; sourceTree = "<group>"; };
		A0EDD7D61E4242FA002F1579 /* Info.plist */ = {isa = PBXFileReference; lastKnownFileType = text.plist.xml; path = Info.plist; sourceTree = "<group>"; };
		A0EDD7DB1E4242FA002F1579 /* gitexampleTests.xctest */ = {isa = PBXFileReference; explicitFileType = wrapper.cfbundle; includeInIndex = 0; path = gitexampleTests.xctest; sourceTree = BUILT_PRODUCTS_DIR; };
		A0EDD7DF1E4242FA002F1579 /* gitexampleTests.swift */ = {isa = PBXFileReference; lastKnownFileType = sourcecode.swift; path = gitexampleTests.swift; sourceTree = "<group>"; };
		A0EDD7E11E4242FA002F1579 /* Info.plist */ = {isa = PBXFileReference; lastKnownFileType = text.plist.xml; path = Info.plist; sourceTree = "<group>"; };
		A0EDD7E61E4242FA002F1579 /* gitexampleUITests.xctest */ = {isa = PBXFileReference; explicitFileType = wrapper.cfbundle; includeInIndex = 0; path = gitexampleUITests.xctest; sourceTree = BUILT_PRODUCTS_DIR; };
		A0EDD7EA1E4242FA002F1579 /* gitexampleUITests.swift */ = {isa = PBXFileReference; lastKnownFileType = sourcecode.swift; path = gitexampleUITests.swift; sourceTree = "<group>"; };
		A0EDD7EC1E4242FA002F1579 /* Info.plist */ = {isa = PBXFileReference; lastKnownFileType = text.plist.xml; path = Info.plist; sourceTree = "<group>"; };
/* End PBXFileReference section */

/* Begin PBXFrameworksBuildPhase section */
		A0EDD7C11E4242FA002F1579 /* Frameworks */ = {
			isa = PBXFrameworksBuildPhase;
			buildActionMask = 2147483647;
			files = (
			);
			runOnlyForDeploymentPostprocessing = 0;
		};
		A0EDD7D81E4242FA002F1579 /* Frameworks */ = {
			isa = PBXFrameworksBuildPhase;
			buildActionMask = 2147483647;
			files = (
			);
			runOnlyForDeploymentPostprocessing = 0;
		};
		A0EDD7E31E4242FA002F1579 /* Frameworks */ = {
			isa = PBXFrameworksBuildPhase;
			buildActionMask = 2147483647;
			files = (
			);
			runOnlyForDeploymentPostprocessing = 0;
		};
/* End PBXFrameworksBuildPhase section */

/* Begin PBXGroup section */
		A0EDD7BB1E4242FA002F1579 = {
			isa = PBXGroup;
			children = (
				A0EDD7C61E4242FA002F1579 /* gitexample */,
				A0EDD7DE1E4242FA002F1579 /* gitexampleTests */,
				A0EDD7E91E4242FA002F1579 /* gitexampleUITests */,
				A0EDD7C51E4242FA002F1579 /* Products */,
			);
			sourceTree = "<group>";
		};
		A0EDD7C51E4242FA002F1579 /* Products */ = {
			isa = PBXGroup;
			children = (
				A0EDD7C41E4242FA002F1579 /* gitexample.app */,
				A0EDD7DB1E4242FA002F1579 /* gitexampleTests.xctest */,
				A0EDD7E61E4242FA002F1579 /* gitexampleUITests.xctest */,
			);
			name = Products;
			sourceTree = "<group>";
		};
		A0EDD7C61E4242FA002F1579 /* gitexample */ = {
			isa = PBXGroup;
			children = (
				A0EDD7C71E4242FA002F1579 /* AppDelegate.swift */,
				A0EDD7C91E4242FA002F1579 /* ViewController.swift */,
				A0EDD7CB1E4242FA002F1579 /* Main.storyboard */,
				A0EDD7D11E4242FA002F1579 /* Assets.xcassets */,
				A0EDD7D31E4242FA002F1579 /* LaunchScreen.storyboard */,
				A0EDD7D61E4242FA002F1579 /* Info.plist */,
				A0EDD7CE1E4242FA002F1579 /* gitexample.xcdatamodeld */,
			);
			path = gitexample;
			sourceTree = "<group>";
		};
		A0EDD7DE1E4242FA002F1579 /* gitexampleTests */ = {
			isa = PBXGroup;
			children = (
				A0EDD7DF1E4242FA002F1579 /* gitexampleTests.swift */,
				A0EDD7E11E4242FA002F1579 /* Info.plist */,
			);
			path = gitexampleTests;
			sourceTree = "<group>";
		};
		A0EDD7E91E4242FA002F1579 /* gitexampleUITests */ = {
			isa = PBXGroup;
			children = (
				A0EDD7EA1E4242FA002F1579 /* gitexampleUITests.swift */,
				A0EDD7EC1E4242FA002F1579 /* Info.plist */,
			);
			path = gitexampleUITests;
			sourceTree = "<group>";
		};
/* End PBXGroup section */

/* Begin PBXNativeTarget section */
		A0EDD7C31E4242FA002F1579 /* gitexample */ = {
			isa = PBXNativeTarget;
			buildConfigurationList = A0EDD7EF1E4242FA002F1579 /* Build configuration list for PBXNativeTarget "gitexample" */;
			buildPhases = (
				A0EDD7C01E4242FA002F1579 /* Sources */,
				A0EDD7C11E4242FA002F1579 /* Frameworks */,
				A0EDD7C21E4242FA002F1579 /* Resources */,
			);
			buildRules = (
			);
			dependencies = (
			);
			name = gitexample;
			productName = gitexample;
			productReference = A0EDD7C41E4242FA002F1579 /* gitexample.app */;
			productType = "com.apple.product-type.application";
		};
		A0EDD7DA1E4242FA002F1579 /* gitexampleTests */ = {
			isa = PBXNativeTarget;
			buildConfigurationList = A0EDD7F21E4242FA002F1579 /* Build configuration list for PBXNativeTarget "gitexampleTests" */;
			buildPhases = (
				A0EDD7D71E4242FA002F1579 /* Sources */,
				A0EDD7D81E4242FA002F1579 /* Frameworks */,
				A0EDD7D91E4242FA002F1579 /* Resources */,
			);
			buildRules = (
			);
			dependencies = (
				A0EDD7DD1E4242FA002F1579 /* PBXTargetDependency */,
			);
			name = gitexampleTests;
			productName = gitexampleTests;
			productReference = A0EDD7DB1E4242FA002F1579 /* gitexampleTests.xctest */;
			productType = "com.apple.product-type.bundle.unit-test";
		};
		A0EDD7E51E4242FA002F1579 /* gitexampleUITests */ = {
			isa = PBXNativeTarget;
			buildConfigurationList = A0EDD7F51E4242FA002F1579 /* Build configuration list for PBXNativeTarget "gitexampleUITests" */;
			buildPhases = (
				A0EDD7E21E4242FA002F1579 /* Sources */,
				A0EDD7E31E4242FA002F1579 /* Frameworks */,
				A0EDD7E41E4242FA002F1579 /* Resources */,
			);
			buildRules = (
			);
			dependencies = (
				A0EDD7E81E4242FA002F1579 /* PBXTargetDependency */,
			);
			name = gitexampleUITests;
			productName = gitexampleUITests;
			productReference = A0EDD7E61E4242FA002F1579 /* gitexampleUITests.xctest */;
			productType = "com.apple.product-type.bundle.ui-testing";
		};
/* End PBXNativeTarget section */

/* Begin PBXProject section */
		A0EDD7BC1E4242FA002F1579 /* Project object */ = {
			isa = PBXProject;
			attributes = {
				LastSwiftUpdateCheck = 0820;
				LastUpgradeCheck = 0820;
				ORGANIZATIONNAME = "Ava Mac 1";
				TargetAttributes = {
					A0EDD7C31E4242FA002F1579 = {
						CreatedOnToolsVersion = 8.2.1;
						ProvisioningStyle = Automatic;
					};
					A0EDD7DA1E4242FA002F1579 = {
						CreatedOnToolsVersion = 8.2.1;
						ProvisioningStyle = Automatic;
						TestTargetID = A0EDD7C31E4242FA002F1579;
					};
					A0EDD7E51E4242FA002F1579 = {
						CreatedOnToolsVersion = 8.2.1;
						ProvisioningStyle = Automatic;
						TestTargetID = A0EDD7C31E4242FA002F1579;
					};
				};
			};
			buildConfigurationList = A0EDD7BF1E4242FA002F1579 /* Build configuration list for PBXProject "gitexample" */;
			compatibilityVersion = "Xcode 3.2";
			developmentRegion = English;
			hasScannedForEncodings = 0;
			knownRegions = (
				en,
				Base,
			);
			mainGroup = A0EDD7BB1E4242FA002F1579;
			productRefGroup = A0EDD7C51E4242FA002F1579 /* Products */;
			projectDirPath = "";
			projectRoot = "";
			targets = (
				A0EDD7C31E4242FA002F1579 /* gitexample */,
				A0EDD7DA1E4242FA002F1579 /* gitexampleTests */,
				A0EDD7E51E4242FA002F1579 /* gitexampleUITests */,
			);
		};
/* End PBXProject section */

/* Begin PBXResourcesBuildPhase section */
		A0EDD7C21E4242FA002F1579 /* Resources */ = {
			isa = PBXResourcesBuildPhase;
			buildActionMask = 2147483647;
			files = (
				A0EDD7D51E4242FA002F1579 /* LaunchScreen.storyboard in Resources */,
				A0EDD7D21E4242FA002F1579 /* Assets.xcassets in Resources */,
				A0EDD7CD1E4242FA002F1579 /* Main.storyboard in Resources */,
			);
			runOnlyForDeploymentPostprocessing = 0;
		};
		A0EDD7D91E4242FA002F1579 /* Resources */ = {
			isa = PBXResourcesBuildPhase;
			buildActionMask = 2147483647;
			files = (
			);
			runOnlyForDeploymentPostprocessing = 0;
		};
		A0EDD7E41E4242FA002F1579 /* Resources */ = {
			isa = PBXResourcesBuildPhase;
			buildActionMask = 2147483647;
			files = (
			);
			runOnlyForDeploymentPostprocessing = 0;
		};
/* End PBXResourcesBuildPhase section */

/* Begin PBXSourcesBuildPhase section */
		A0EDD7C01E4242FA002F1579 /* Sources */ = {
			isa = PBXSourcesBuildPhase;
			buildActionMask = 2147483647;
			files = (
				A0EDD7D01E4242FA002F1579 /* gitexample.xcdatamodeld in Sources */,
				A0EDD7CA1E4242FA002F1579 /* ViewController.swift in Sources */,
				A0EDD7C81E4242FA002F1579 /* AppDelegate.swift in Sources */,
			);
			runOnlyForDeploymentPostprocessing = 0;
		};
		A0EDD7D71E4242FA002F1579 /* Sources */ = {
			isa = PBXSourcesBuildPhase;
			buildActionMask = 2147483647;
			files = (
				A0EDD7E01E4242FA002F1579 /* gitexampleTests.swift in Sources */,
			);
			runOnlyForDeploymentPostprocessing = 0;
		};
		A0EDD7E21E4242FA002F1579 /* Sources */ = {
			isa = PBXSourcesBuildPhase;
			buildActionMask = 2147483647;
			files = (
				A0EDD7EB1E4242FA002F1579 /* gitexampleUITests.swift in Sources */,
			);
			runOnlyForDeploymentPostprocessing = 0;
		};
/* End PBXSourcesBuildPhase section */

/* Begin PBXTargetDependency section */
		A0EDD7DD1E4242FA002F1579 /* PBXTargetDependency */ = {
			isa = PBXTargetDependency;
			target = A0EDD7C31E4242FA002F1579 /* gitexample */;
			targetProxy = A0EDD7DC1E4242FA002F1579 /* PBXContainerItemProxy */;
		};
		A0EDD7E81E4242FA002F1579 /* PBXTargetDependency */ = {
			isa = PBXTargetDependency;
			target = A0EDD7C31E4242FA002F1579 /* gitexample */;
			targetProxy = A0EDD7E71E4242FA002F1579 /* PBXContainerItemProxy */;
		};
/* End PBXTargetDependency section */

/* Begin PBXVariantGroup section */
		A0EDD7CB1E4242FA002F1579 /* Main.storyboard */ = {
			isa = PBXVariantGroup;
			children = (
				A0EDD7CC1E4242FA002F1579 /* Base */,
			);
			name = Main.storyboard;
			sourceTree = "<group>";
		};
		A0EDD7D31E4242FA002F1579 /* LaunchScreen.storyboard */ = {
			isa = PBXVariantGroup;
			children = (
				A0EDD7D41E4242FA002F1579 /* Base */,
			);
			name = LaunchScreen.storyboard;
			sourceTree = "<group>";
		};
/* End PBXVariantGroup section */

/* Begin XCBuildConfiguration section */
		A0EDD7ED1E4242FA002F1579 /* Debug */ = {
			isa = XCBuildConfiguration;
			buildSettings = {
				ALWAYS_SEARCH_USER_PATHS = NO;
				CLANG_ANALYZER_NONNULL = YES;
				CLANG_CXX_LANGUAGE_STANDARD = "gnu++0x";
				CLANG_CXX_LIBRARY = "libc++";
				CLANG_ENABLE_MODULES = YES;
				CLANG_ENABLE_OBJC_ARC = YES;
				CLANG_WARN_BOOL_CONVERSION = YES;
				CLANG_WARN_CONSTANT_CONVERSION = YES;
				CLANG_WARN_DIRECT_OBJC_ISA_USAGE = YES_ERROR;
				CLANG_WARN_DOCUMENTATION_COMMENTS = YES;
				CLANG_WARN_EMPTY_BODY = YES;
				CLANG_WARN_ENUM_CONVERSION = YES;
				CLANG_WARN_INFINITE_RECURSION = YES;
				CLANG_WARN_INT_CONVERSION = YES;
				CLANG_WARN_OBJC_ROOT_CLASS = YES_ERROR;
				CLANG_WARN_SUSPICIOUS_MOVE = YES;
				CLANG_WARN_UNREACHABLE_CODE = YES;
				CLANG_WARN__DUPLICATE_METHOD_MATCH = YES;
				"CODE_SIGN_IDENTITY[sdk=iphoneos*]" = "iPhone Developer";
				COPY_PHASE_STRIP = NO;
				DEBUG_INFORMATION_FORMAT = dwarf;
				ENABLE_STRICT_OBJC_MSGSEND = YES;
				ENABLE_TESTABILITY = YES;
				GCC_C_LANGUAGE_STANDARD = gnu99;
				GCC_DYNAMIC_NO_PIC = NO;
				GCC_NO_COMMON_BLOCKS = YES;
				GCC_OPTIMIZATION_LEVEL = 0;
				GCC_PREPROCESSOR_DEFINITIONS = (
					"DEBUG=1",
					"$(inherited)",
				);
				GCC_WARN_64_TO_32_BIT_CONVERSION = YES;
				GCC_WARN_ABOUT_RETURN_TYPE = YES_ERROR;
				GCC_WARN_UNDECLARED_SELECTOR = YES;
				GCC_WARN_UNINITIALIZED_AUTOS = YES_AGGRESSIVE;
				GCC_WARN_UNUSED_FUNCTION = YES;
				GCC_WARN_UNUSED_VARIABLE = YES;
				IPHONEOS_DEPLOYMENT_TARGET = 10.2;
				MTL_ENABLE_DEBUG_INFO = YES;
				ONLY_ACTIVE_ARCH = YES;
				SDKROOT = iphoneos;
				SWIFT_ACTIVE_COMPILATION_CONDITIONS = DEBUG;
				SWIFT_OPTIMIZATION_LEVEL = "-Onone";
				TARGETED_DEVICE_FAMILY = "1,2";
			};
			name = Debug;
		};
		A0EDD7EE1E4242FA002F1579 /* Release */ = {
			isa = XCBuildConfiguration;
			buildSettings = {
				ALWAYS_SEARCH_USER_PATHS = NO;
				CLANG_ANALYZER_NONNULL = YES;
				CLANG_CXX_LANGUAGE_STANDARD = "gnu++0x";
				CLANG_CXX_LIBRARY = "libc++";
				CLANG_ENABLE_MODULES = YES;
				CLANG_ENABLE_OBJC_ARC = YES;
				CLANG_WARN_BOOL_CONVERSION = YES;
				CLANG_WARN_CONSTANT_CONVERSION = YES;
				CLANG_WARN_DIRECT_OBJC_ISA_USAGE = YES_ERROR;
				CLANG_WARN_DOCUMENTATION_COMMENTS = YES;
				CLANG_WARN_EMPTY_BODY = YES;
				CLANG_WARN_ENUM_CONVERSION = YES;
				CLANG_WARN_INFINITE_RECURSION = YES;
				CLANG_WARN_INT_CONVERSION = YES;
				CLANG_WARN_OBJC_ROOT_CLASS = YES_ERROR;
				CLANG_WARN_SUSPICIOUS_MOVE = YES;
				CLANG_WARN_UNREACHABLE_CODE = YES;
				CLANG_WARN__DUPLICATE_METHOD_MATCH = YES;
				"CODE_SIGN_IDENTITY[sdk=iphoneos*]" = "iPhone Developer";
				COPY_PHASE_STRIP = NO;
				DEBUG_INFORMATION_FORMAT = "dwarf-with-dsym";
				ENABLE_NS_ASSERTIONS = NO;
				ENABLE_STRICT_OBJC_MSGSEND = YES;
				GCC_C_LANGUAGE_STANDARD = gnu99;
				GCC_NO_COMMON_BLOCKS = YES;
				GCC_WARN_64_TO_32_BIT_CONVERSION = YES;
				GCC_WARN_ABOUT_RETURN_TYPE = YES_ERROR;
				GCC_WARN_UNDECLARED_SELECTOR = YES;
				GCC_WARN_UNINITIALIZED_AUTOS = YES_AGGRESSIVE;
				GCC_WARN_UNUSED_FUNCTION = YES;
				GCC_WARN_UNUSED_VARIABLE = YES;
				IPHONEOS_DEPLOYMENT_TARGET = 10.2;
				MTL_ENABLE_DEBUG_INFO = NO;
				SDKROOT = iphoneos;
				SWIFT_OPTIMIZATION_LEVEL = "-Owholemodule";
				TARGETED_DEVICE_FAMILY = "1,2";
				VALIDATE_PRODUCT = YES;
			};
			name = Release;
		};
		A0EDD7F01E4242FA002F1579 /* Debug */ = {
			isa = XCBuildConfiguration;
			buildSettings = {
				ASSETCATALOG_COMPILER_APPICON_NAME = AppIcon;
				INFOPLIST_FILE = gitexample/Info.plist;
				LD_RUNPATH_SEARCH_PATHS = "$(inherited) @executable_path/Frameworks";
				PRODUCT_BUNDLE_IDENTIFIER = com.avasoft.biz.gitexample;
				PRODUCT_NAME = "$(TARGET_NAME)";
				SWIFT_VERSION = 3.0;
			};
			name = Debug;
		};
		A0EDD7F11E4242FA002F1579 /* Release */ = {
			isa = XCBuildConfiguration;
			buildSettings = {
				ASSETCATALOG_COMPILER_APPICON_NAME = AppIcon;
				INFOPLIST_FILE = gitexample/Info.plist;
				LD_RUNPATH_SEARCH_PATHS = "$(inherited) @executable_path/Frameworks";
				PRODUCT_BUNDLE_IDENTIFIER = com.avasoft.biz.gitexample;
				PRODUCT_NAME = "$(TARGET_NAME)";
				SWIFT_VERSION = 3.0;
			};
			name = Release;
		};
		A0EDD7F31E4242FA002F1579 /* Debug */ = {
			isa = XCBuildConfiguration;
			buildSettings = {
				ALWAYS_EMBED_SWIFT_STANDARD_LIBRARIES = YES;
				BUNDLE_LOADER = "$(TEST_HOST)";
				INFOPLIST_FILE = gitexampleTests/Info.plist;
				LD_RUNPATH_SEARCH_PATHS = "$(inherited) @executable_path/Frameworks @loader_path/Frameworks";
				PRODUCT_BUNDLE_IDENTIFIER = com.avasoft.biz.gitexampleTests;
				PRODUCT_NAME = "$(TARGET_NAME)";
				SWIFT_VERSION = 3.0;
				TEST_HOST = "$(BUILT_PRODUCTS_DIR)/gitexample.app/gitexample";
			};
			name = Debug;
		};
		A0EDD7F41E4242FA002F1579 /* Release */ = {
			isa = XCBuildConfiguration;
			buildSettings = {
				ALWAYS_EMBED_SWIFT_STANDARD_LIBRARIES = YES;
				BUNDLE_LOADER = "$(TEST_HOST)";
				INFOPLIST_FILE = gitexampleTests/Info.plist;
				LD_RUNPATH_SEARCH_PATHS = "$(inherited) @executable_path/Frameworks @loader_path/Frameworks";
				PRODUCT_BUNDLE_IDENTIFIER = com.avasoft.biz.gitexampleTests;
				PRODUCT_NAME = "$(TARGET_NAME)";
				SWIFT_VERSION = 3.0;
				TEST_HOST = "$(BUILT_PRODUCTS_DIR)/gitexample.app/gitexample";
			};
			name = Release;
		};
		A0EDD7F61E4242FA002F1579 /* Debug */ = {
			isa = XCBuildConfiguration;
			buildSettings = {
				ALWAYS_EMBED_SWIFT_STANDARD_LIBRARIES = YES;
				INFOPLIST_FILE = gitexampleUITests/Info.plist;
				LD_RUNPATH_SEARCH_PATHS = "$(inherited) @executable_path/Frameworks @loader_path/Frameworks";
				PRODUCT_BUNDLE_IDENTIFIER = com.avasoft.biz.gitexampleUITests;
				PRODUCT_NAME = "$(TARGET_NAME)";
				SWIFT_VERSION = 3.0;
				TEST_TARGET_NAME = gitexample;
			};
			name = Debug;
		};
		A0EDD7F71E4242FA002F1579 /* Release */ = {
			isa = XCBuildConfiguration;
			buildSettings = {
				ALWAYS_EMBED_SWIFT_STANDARD_LIBRARIES = YES;
				INFOPLIST_FILE = gitexampleUITests/Info.plist;
				LD_RUNPATH_SEARCH_PATHS = "$(inherited) @executable_path/Frameworks @loader_path/Frameworks";
				PRODUCT_BUNDLE_IDENTIFIER = com.avasoft.biz.gitexampleUITests;
				PRODUCT_NAME = "$(TARGET_NAME)";
				SWIFT_VERSION = 3.0;
				TEST_TARGET_NAME = gitexample;
			};
			name = Release;
		};
/* End XCBuildConfiguration section */

/* Begin XCConfigurationList section */
		A0EDD7BF1E4242FA002F1579 /* Build configuration list for PBXProject "gitexample" */ = {
			isa = XCConfigurationList;
			buildConfigurations = (
				A0EDD7ED1E4242FA002F1579 /* Debug */,
				A0EDD7EE1E4242FA002F1579 /* Release */,
			);
			defaultConfigurationIsVisible = 0;
			defaultConfigurationName = Release;
		};
		A0EDD7EF1E4242FA002F1579 /* Build configuration list for PBXNativeTarget "gitexample" */ = {
			isa = XCConfigurationList;
			buildConfigurations = (
				A0EDD7F01E4242FA002F1579 /* Debug */,
				A0EDD7F11E4242FA002F1579 /* Release */,
			);
			defaultConfigurationIsVisible = 0;
		};
		A0EDD7F21E4242FA002F1579 /* Build configuration list for PBXNativeTarget "gitexampleTests" */ = {
			isa = XCConfigurationList;
			buildConfigurations = (
				A0EDD7F31E4242FA002F1579 /* Debug */,
				A0EDD7F41E4242FA002F1579 /* Release */,
			);
			defaultConfigurationIsVisible = 0;
		};
		A0EDD7F51E4242FA002F1579 /* Build configuration list for PBXNativeTarget "gitexampleUITests" */ = {
			isa = XCConfigurationList;
			buildConfigurations = (
				A0EDD7F61E4242FA002F1579 /* Debug */,
				A0EDD7F71E4242FA002F1579 /* Release */,
			);
			defaultConfigurationIsVisible = 0;
		};
/* End XCConfigurationList section */

/* Begin XCVersionGroup section */
		A0EDD7CE1E4242FA002F1579 /* gitexample.xcdatamodeld */ = {
			isa = XCVersionGroup;
			children = (
				A0EDD7CF1E4242FA002F1579 /* gitexample.xcdatamodel */,
			);
			currentVersion = A0EDD7CF1E4242FA002F1579 /* gitexample.xcdatamodel */;
			path = gitexample.xcdatamodeld;
			sourceTree = "<group>";
			versionGroupType = wrapper.xcdatamodel;
		};
/* End XCVersionGroup section */
	};
	rootObject = A0EDD7BC1E4242FA002F1579 /* Project object */;
}
